// !$*UTF8*$!
{
	archiveVersion = 1;
	classes = {
	};
	objectVersion = 46;
	objects = {

/* Begin PBXBuildFile section */
		000333841B27B42F008C973D /* TSQCalendarCell.h in Headers */ = {isa = PBXBuildFile; fileRef = 0003337C1B27B42F008C973D /* TSQCalendarCell.h */; settings = {ATTRIBUTES = (Public, ); }; };
		000333851B27B42F008C973D /* TSQCalendarCell.m in Sources */ = {isa = PBXBuildFile; fileRef = 0003337D1B27B42F008C973D /* TSQCalendarCell.m */; };
		000333861B27B42F008C973D /* TSQCalendarMonthHeaderCell.h in Headers */ = {isa = PBXBuildFile; fileRef = 0003337E1B27B42F008C973D /* TSQCalendarMonthHeaderCell.h */; settings = {ATTRIBUTES = (Public, ); }; };
		000333871B27B42F008C973D /* TSQCalendarMonthHeaderCell.m in Sources */ = {isa = PBXBuildFile; fileRef = 0003337F1B27B42F008C973D /* TSQCalendarMonthHeaderCell.m */; };
		000333881B27B42F008C973D /* TSQCalendarRowCell.h in Headers */ = {isa = PBXBuildFile; fileRef = 000333801B27B42F008C973D /* TSQCalendarRowCell.h */; settings = {ATTRIBUTES = (Public, ); }; };
		000333891B27B42F008C973D /* TSQCalendarRowCell.m in Sources */ = {isa = PBXBuildFile; fileRef = 000333811B27B42F008C973D /* TSQCalendarRowCell.m */; };
		0003338A1B27B42F008C973D /* TSQCalendarView.h in Headers */ = {isa = PBXBuildFile; fileRef = 000333821B27B42F008C973D /* TSQCalendarView.h */; settings = {ATTRIBUTES = (Public, ); }; };
		0003338B1B27B42F008C973D /* TSQCalendarView.m in Sources */ = {isa = PBXBuildFile; fileRef = 000333831B27B42F008C973D /* TSQCalendarView.m */; };
		0003338D1B27B43A008C973D /* UIKit.framework in Frameworks */ = {isa = PBXBuildFile; fileRef = 0003338C1B27B43A008C973D /* UIKit.framework */; };
		0003338F1B27B44B008C973D /* Foundation.framework in Frameworks */ = {isa = PBXBuildFile; fileRef = 0003338E1B27B44B008C973D /* Foundation.framework */; };
		0036308E1B27B3B5007691A1 /* TimesSquare.h in Headers */ = {isa = PBXBuildFile; fileRef = 0036308D1B27B3B5007691A1 /* TimesSquare.h */; settings = {ATTRIBUTES = (Public, ); }; };
/* End PBXBuildFile section */

/* Begin PBXFileReference section */
		0003337C1B27B42F008C973D /* TSQCalendarCell.h */ = {isa = PBXFileReference; fileEncoding = 4; lastKnownFileType = sourcecode.c.h; path = TSQCalendarCell.h; sourceTree = "<group>"; };
		0003337D1B27B42F008C973D /* TSQCalendarCell.m */ = {isa = PBXFileReference; fileEncoding = 4; lastKnownFileType = sourcecode.c.objc; path = TSQCalendarCell.m; sourceTree = "<group>"; };
		0003337E1B27B42F008C973D /* TSQCalendarMonthHeaderCell.h */ = {isa = PBXFileReference; fileEncoding = 4; lastKnownFileType = sourcecode.c.h; path = TSQCalendarMonthHeaderCell.h; sourceTree = "<group>"; };
		0003337F1B27B42F008C973D /* TSQCalendarMonthHeaderCell.m */ = {isa = PBXFileReference; fileEncoding = 4; lastKnownFileType = sourcecode.c.objc; path = TSQCalendarMonthHeaderCell.m; sourceTree = "<group>"; };
		000333801B27B42F008C973D /* TSQCalendarRowCell.h */ = {isa = PBXFileReference; fileEncoding = 4; lastKnownFileType = sourcecode.c.h; path = TSQCalendarRowCell.h; sourceTree = "<group>"; };
		000333811B27B42F008C973D /* TSQCalendarRowCell.m */ = {isa = PBXFileReference; fileEncoding = 4; lastKnownFileType = sourcecode.c.objc; path = TSQCalendarRowCell.m; sourceTree = "<group>"; };
		000333821B27B42F008C973D /* TSQCalendarView.h */ = {isa = PBXFileReference; fileEncoding = 4; lastKnownFileType = sourcecode.c.h; path = TSQCalendarView.h; sourceTree = "<group>"; };
		000333831B27B42F008C973D /* TSQCalendarView.m */ = {isa = PBXFileReference; fileEncoding = 4; lastKnownFileType = sourcecode.c.objc; path = TSQCalendarView.m; sourceTree = "<group>"; };
		0003338C1B27B43A008C973D /* UIKit.framework */ = {isa = PBXFileReference; lastKnownFileType = wrapper.framework; name = UIKit.framework; path = System/Library/Frameworks/UIKit.framework; sourceTree = SDKROOT; };
		0003338E1B27B44B008C973D /* Foundation.framework */ = {isa = PBXFileReference; lastKnownFileType = wrapper.framework; name = Foundation.framework; path = System/Library/Frameworks/Foundation.framework; sourceTree = SDKROOT; };
		003630881B27B3B5007691A1 /* TimesSquare.framework */ = {isa = PBXFileReference; explicitFileType = wrapper.framework; includeInIndex = 0; path = TimesSquare.framework; sourceTree = BUILT_PRODUCTS_DIR; };
		0036308C1B27B3B5007691A1 /* Info.plist */ = {isa = PBXFileReference; lastKnownFileType = text.plist.xml; path = Info.plist; sourceTree = "<group>"; };
		0036308D1B27B3B5007691A1 /* TimesSquare.h */ = {isa = PBXFileReference; lastKnownFileType = sourcecode.c.h; path = TimesSquare.h; sourceTree = "<group>"; };
		003630991B27B3B5007691A1 /* Info.plist */ = {isa = PBXFileReference; lastKnownFileType = text.plist.xml; path = Info.plist; sourceTree = "<group>"; };
		0036309A1B27B3B5007691A1 /* TimesSquareTests.m */ = {isa = PBXFileReference; lastKnownFileType = sourcecode.c.objc; path = TimesSquareTests.m; sourceTree = "<group>"; };
/* End PBXFileReference section */

/* Begin PBXFrameworksBuildPhase section */
		003630841B27B3B5007691A1 /* Frameworks */ = {
			isa = PBXFrameworksBuildPhase;
			buildActionMask = 2147483647;
			files = (
				0003338F1B27B44B008C973D /* Foundation.framework in Frameworks */,
				0003338D1B27B43A008C973D /* UIKit.framework in Frameworks */,
			);
			runOnlyForDeploymentPostprocessing = 0;
		};
/* End PBXFrameworksBuildPhase section */

/* Begin PBXGroup section */
		0036307E1B27B3B5007691A1 = {
			isa = PBXGroup;
			children = (
				0003338E1B27B44B008C973D /* Foundation.framework */,
				0003338C1B27B43A008C973D /* UIKit.framework */,
				0036308A1B27B3B5007691A1 /* TimesSquare */,
				003630971B27B3B5007691A1 /* TimesSquareTests */,
				003630891B27B3B5007691A1 /* Products */,
			);
			sourceTree = "<group>";
		};
		003630891B27B3B5007691A1 /* Products */ = {
			isa = PBXGroup;
			children = (
				003630881B27B3B5007691A1 /* TimesSquare.framework */,
			);
			name = Products;
			sourceTree = "<group>";
		};
		0036308A1B27B3B5007691A1 /* TimesSquare */ = {
			isa = PBXGroup;
			children = (
				0036308D1B27B3B5007691A1 /* TimesSquare.h */,
				0003337C1B27B42F008C973D /* TSQCalendarCell.h */,
				0003337D1B27B42F008C973D /* TSQCalendarCell.m */,
				0003337E1B27B42F008C973D /* TSQCalendarMonthHeaderCell.h */,
				0003337F1B27B42F008C973D /* TSQCalendarMonthHeaderCell.m */,
				000333801B27B42F008C973D /* TSQCalendarRowCell.h */,
				000333811B27B42F008C973D /* TSQCalendarRowCell.m */,
				000333821B27B42F008C973D /* TSQCalendarView.h */,
				000333831B27B42F008C973D /* TSQCalendarView.m */,
				0036308B1B27B3B5007691A1 /* Supporting Files */,
			);
			path = TimesSquare;
			sourceTree = "<group>";
		};
		0036308B1B27B3B5007691A1 /* Supporting Files */ = {
			isa = PBXGroup;
			children = (
				0036308C1B27B3B5007691A1 /* Info.plist */,
			);
			name = "Supporting Files";
			sourceTree = "<group>";
		};
		003630971B27B3B5007691A1 /* TimesSquareTests */ = {
			isa = PBXGroup;
			children = (
				0036309A1B27B3B5007691A1 /* TimesSquareTests.m */,
				003630981B27B3B5007691A1 /* Supporting Files */,
			);
			path = TimesSquareTests;
			sourceTree = "<group>";
		};
		003630981B27B3B5007691A1 /* Supporting Files */ = {
			isa = PBXGroup;
			children = (
				003630991B27B3B5007691A1 /* Info.plist */,
			);
			name = "Supporting Files";
			sourceTree = "<group>";
		};
/* End PBXGroup section */

/* Begin PBXHeadersBuildPhase section */
		003630851B27B3B5007691A1 /* Headers */ = {
			isa = PBXHeadersBuildPhase;
			buildActionMask = 2147483647;
			files = (
				000333881B27B42F008C973D /* TSQCalendarRowCell.h in Headers */,
				000333841B27B42F008C973D /* TSQCalendarCell.h in Headers */,
				0003338A1B27B42F008C973D /* TSQCalendarView.h in Headers */,
				000333861B27B42F008C973D /* TSQCalendarMonthHeaderCell.h in Headers */,
				0036308E1B27B3B5007691A1 /* TimesSquare.h in Headers */,
			);
			runOnlyForDeploymentPostprocessing = 0;
		};
/* End PBXHeadersBuildPhase section */

/* Begin PBXNativeTarget section */
		003630871B27B3B5007691A1 /* TimesSquare */ = {
			isa = PBXNativeTarget;
			buildConfigurationList = 0036309E1B27B3B5007691A1 /* Build configuration list for PBXNativeTarget "TimesSquare" */;
			buildPhases = (
				003630831B27B3B5007691A1 /* Sources */,
				003630841B27B3B5007691A1 /* Frameworks */,
				003630851B27B3B5007691A1 /* Headers */,
				003630861B27B3B5007691A1 /* Resources */,
			);
			buildRules = (
			);
			dependencies = (
			);
			name = TimesSquare;
			productName = TimesSquare;
			productReference = 003630881B27B3B5007691A1 /* TimesSquare.framework */;
			productType = "com.apple.product-type.framework";
		};
/* End PBXNativeTarget section */

/* Begin PBXProject section */
		0036307F1B27B3B5007691A1 /* Project object */ = {
			isa = PBXProject;
			attributes = {
				LastUpgradeCheck = 0630;
				ORGANIZATIONNAME = TimesSquare;
				TargetAttributes = {
					003630871B27B3B5007691A1 = {
						CreatedOnToolsVersion = 6.3.2;
					};
				};
			};
			buildConfigurationList = 003630821B27B3B5007691A1 /* Build configuration list for PBXProject "TimesSquare" */;
			compatibilityVersion = "Xcode 3.2";
			developmentRegion = English;
			hasScannedForEncodings = 0;
			knownRegions = (
				en,
			);
			mainGroup = 0036307E1B27B3B5007691A1;
			productRefGroup = 003630891B27B3B5007691A1 /* Products */;
			projectDirPath = "";
			projectRoot = "";
			targets = (
				003630871B27B3B5007691A1 /* TimesSquare */,
			);
		};
/* End PBXProject section */

/* Begin PBXResourcesBuildPhase section */
		003630861B27B3B5007691A1 /* Resources */ = {
			isa = PBXResourcesBuildPhase;
			buildActionMask = 2147483647;
			files = (
			);
			runOnlyForDeploymentPostprocessing = 0;
		};
/* End PBXResourcesBuildPhase section */

/* Begin PBXSourcesBuildPhase section */
		003630831B27B3B5007691A1 /* Sources */ = {
			isa = PBXSourcesBuildPhase;
			buildActionMask = 2147483647;
			files = (
				000333891B27B42F008C973D /* TSQCalendarRowCell.m in Sources */,
				0003338B1B27B42F008C973D /* TSQCalendarView.m in Sources */,
				000333871B27B42F008C973D /* TSQCalendarMonthHeaderCell.m in Sources */,
				000333851B27B42F008C973D /* TSQCalendarCell.m in Sources */,
			);
			runOnlyForDeploymentPostprocessing = 0;
		};
/* End PBXSourcesBuildPhase section */

/* Begin XCBuildConfiguration section */
		0036309C1B27B3B5007691A1 /* Debug */ = {
			isa = XCBuildConfiguration;
			buildSettings = {
				ALWAYS_SEARCH_USER_PATHS = NO;
				CLANG_CXX_LANGUAGE_STANDARD = "gnu++0x";
				CLANG_CXX_LIBRARY = "libc++";
				CLANG_ENABLE_MODULES = YES;
				CLANG_ENABLE_OBJC_ARC = YES;
				CLANG_WARN_BOOL_CONVERSION = YES;
				CLANG_WARN_CONSTANT_CONVERSION = YES;
				CLANG_WARN_DIRECT_OBJC_ISA_USAGE = YES_ERROR;
				CLANG_WARN_EMPTY_BODY = YES;
				CLANG_WARN_ENUM_CONVERSION = YES;
				CLANG_WARN_INT_CONVERSION = YES;
				CLANG_WARN_OBJC_ROOT_CLASS = YES_ERROR;
				CLANG_WARN_UNREACHABLE_CODE = YES;
				CLANG_WARN__DUPLICATE_METHOD_MATCH = YES;
				"CODE_SIGN_IDENTITY[sdk=iphoneos*]" = "iPhone Developer";
				COPY_PHASE_STRIP = NO;
				CURRENT_PROJECT_VERSION = 1;
				DEBUG_INFORMATION_FORMAT = "dwarf-with-dsym";
				ENABLE_STRICT_OBJC_MSGSEND = YES;
				GCC_C_LANGUAGE_STANDARD = gnu99;
				GCC_DYNAMIC_NO_PIC = NO;
				GCC_NO_COMMON_BLOCKS = YES;
				GCC_OPTIMIZATION_LEVEL = 0;
				GCC_PREPROCESSOR_DEFINITIONS = (
					"DEBUG=1",
					"$(inherited)",
				);
				GCC_SYMBOLS_PRIVATE_EXTERN = NO;
				GCC_WARN_64_TO_32_BIT_CONVERSION = YES;
				GCC_WARN_ABOUT_RETURN_TYPE = YES_ERROR;
				GCC_WARN_UNDECLARED_SELECTOR = YES;
				GCC_WARN_UNINITIALIZED_AUTOS = YES_AGGRESSIVE;
				GCC_WARN_UNUSED_FUNCTION = YES;
				GCC_WARN_UNUSED_VARIABLE = YES;
				IPHONEOS_DEPLOYMENT_TARGET = 8.3;
				MTL_ENABLE_DEBUG_INFO = YES;
				ONLY_ACTIVE_ARCH = YES;
				SDKROOT = iphoneos;
				TARGETED_DEVICE_FAMILY = "1,2";
				VERSIONING_SYSTEM = "apple-generic";
				VERSION_INFO_PREFIX = "";
			};
			name = Debug;
		};
		0036309D1B27B3B5007691A1 /* Release */ = {
			isa = XCBuildConfiguration;
			buildSettings = {
				ALWAYS_SEARCH_USER_PATHS = NO;
				CLANG_CXX_LANGUAGE_STANDARD = "gnu++0x";
				CLANG_CXX_LIBRARY = "libc++";
				CLANG_ENABLE_MODULES = YES;
				CLANG_ENABLE_OBJC_ARC = YES;
				CLANG_WARN_BOOL_CONVERSION = YES;
				CLANG_WARN_CONSTANT_CONVERSION = YES;
				CLANG_WARN_DIRECT_OBJC_ISA_USAGE = YES_ERROR;
				CLANG_WARN_EMPTY_BODY = YES;
				CLANG_WARN_ENUM_CONVERSION = YES;
				CLANG_WARN_INT_CONVERSION = YES;
				CLANG_WARN_OBJC_ROOT_CLASS = YES_ERROR;
				CLANG_WARN_UNREACHABLE_CODE = YES;
				CLANG_WARN__DUPLICATE_METHOD_MATCH = YES;
				"CODE_SIGN_IDENTITY[sdk=iphoneos*]" = "iPhone Developer";
				COPY_PHASE_STRIP = NO;
				CURRENT_PROJECT_VERSION = 1;
				DEBUG_INFORMATION_FORMAT = "dwarf-with-dsym";
				ENABLE_NS_ASSERTIONS = NO;
				ENABLE_STRICT_OBJC_MSGSEND = YES;
				GCC_C_LANGUAGE_STANDARD = gnu99;
				GCC_NO_COMMON_BLOCKS = YES;
				GCC_WARN_64_TO_32_BIT_CONVERSION = YES;
				GCC_WARN_ABOUT_RETURN_TYPE = YES_ERROR;
				GCC_WARN_UNDECLARED_SELECTOR = YES;
				GCC_WARN_UNINITIALIZED_AUTOS = YES_AGGRESSIVE;
				GCC_WARN_UNUSED_FUNCTION = YES;
				GCC_WARN_UNUSED_VARIABLE = YES;
				IPHONEOS_DEPLOYMENT_TARGET = 8.3;
				MTL_ENABLE_DEBUG_INFO = NO;
				SDKROOT = iphoneos;
				TARGETED_DEVICE_FAMILY = "1,2";
				VALIDATE_PRODUCT = YES;
				VERSIONING_SYSTEM = "apple-generic";
				VERSION_INFO_PREFIX = "";
			};
			name = Release;
		};
		0036309F1B27B3B5007691A1 /* Debug */ = {
			isa = XCBuildConfiguration;
			buildSettings = {
				DEFINES_MODULE = YES;
				DYLIB_COMPATIBILITY_VERSION = 1;
				DYLIB_CURRENT_VERSION = 1;
				DYLIB_INSTALL_NAME_BASE = "@rpath";
				INFOPLIST_FILE = TimesSquare/Info.plist;
				INSTALL_PATH = "$(LOCAL_LIBRARY_DIR)/Frameworks";
				LD_RUNPATH_SEARCH_PATHS = "$(inherited) @executable_path/Frameworks @loader_path/Frameworks";
				PRODUCT_NAME = "$(TARGET_NAME)";
				SKIP_INSTALL = YES;
			};
			name = Debug;
		};
		003630A01B27B3B5007691A1 /* Release */ = {
			isa = XCBuildConfiguration;
			buildSettings = {
				DEFINES_MODULE = YES;
				DYLIB_COMPATIBILITY_VERSION = 1;
				DYLIB_CURRENT_VERSION = 1;
				DYLIB_INSTALL_NAME_BASE = "@rpath";
				INFOPLIST_FILE = TimesSquare/Info.plist;
				INSTALL_PATH = "$(LOCAL_LIBRARY_DIR)/Frameworks";
				LD_RUNPATH_SEARCH_PATHS = "$(inherited) @executable_path/Frameworks @loader_path/Frameworks";
				PRODUCT_NAME = "$(TARGET_NAME)";
				SKIP_INSTALL = YES;
			};
			name = Release;
		};
/* End XCBuildConfiguration section */

/* Begin XCConfigurationList section */
		003630821B27B3B5007691A1 /* Build configuration list for PBXProject "TimesSquare" */ = {
			isa = XCConfigurationList;
			buildConfigurations = (
				0036309C1B27B3B5007691A1 /* Debug */,
				0036309D1B27B3B5007691A1 /* Release */,
			);
			defaultConfigurationIsVisible = 0;
			defaultConfigurationName = Release;
		};
		0036309E1B27B3B5007691A1 /* Build configuration list for PBXNativeTarget "TimesSquare" */ = {
			isa = XCConfigurationList;
			buildConfigurations = (
				0036309F1B27B3B5007691A1 /* Debug */,
				003630A01B27B3B5007691A1 /* Release */,
			);
			defaultConfigurationIsVisible = 0;
			defaultConfigurationName = Release;
		};
/* End XCConfigurationList section */
	};
	rootObject = 0036307F1B27B3B5007691A1 /* Project object */;
}
